PODS:
  - Asterism (1.0.0)
  - FMDB (2.7.11):
    - FMDB/standard (= 2.7.11)
  - FMDB/standard (2.7.11)
  - Masonry (1.1.0)
  - MBProgressHUD (1.1.0)
  - MJRefresh (3.1.17)
  - ReactiveObjC (3.1.1)
  - TPDatabase (1.0.0):
    - Asterism
    - FMDB
    - TPFoundation
    - TPJsonModel
  - TPFoundation (1.0.5):
    - TPFoundation/Base (= 1.0.5)
    - TPFoundation/Category (= 1.0.5)
    - TPFoundation/Utils (= 1.0.5)
  - TPFoundation/Base (1.0.5)
  - TPFoundation/Category (1.0.5):
    - TPFoundation/Base
  - TPFoundation/Utils (1.0.5):
    - TPFoundation/Base
    - TPFoundation/Category
  - TPJsonModel (1.0.0)
  - TPUIKit (1.1.0):
    - Masonry
    - TPUIKit/Alert (= 1.1.0)
    - TPUIKit/Banner (= 1.1.0)
    - TPUIKit/Base (= 1.1.0)
    - TPUIKit/Blank (= 1.1.0)
    - TPUIKit/Category (= 1.1.0)
    - TPUIKit/GradientView (= 1.1.0)
    - TPUIKit/GraphicView (= 1.1.0)
    - TPUIKit/LimitTextField (= 1.1.0)
    - TPUIKit/Line (= 1.1.0)
    - TPUIKit/MarginLabel (= 1.1.0)
    - TPUIKit/Menu (= 1.1.0)
    - TPUIKit/Navigator (= 1.1.0)
    - TPUIKit/PageControl (= 1.1.0)
    - TPUIKit/QRCode (= 1.1.0)
    - TPUIKit/Refresh (= 1.1.0)
    - TPUIKit/RichTextView (= 1.1.0)
    - TPUIKit/ScreenShot (= 1.1.0)
    - TPUIKit/ScrollTable (= 1.1.0)
    - TPUIKit/ShadowCell (= 1.1.0)
    - TPUIKit/SimButton (= 1.1.0)
    - TPUIKit/Tabbar (= 1.1.0)
    - TPUIKit/Toast (= 1.1.0)
  - TPUIKit/Alert (1.1.0):
    - Masonry
  - TPUIKit/Banner (1.1.0):
    - Masonry
  - TPUIKit/Base (1.1.0):
    - Masonry
  - TPUIKit/Blank (1.1.0):
    - Masonry
    - TPUIKit/Base
  - TPUIKit/Category (1.1.0):
    - Masonry
    - TPUIKit/Base
  - TPUIKit/GradientView (1.1.0):
    - Masonry
  - TPUIKit/GraphicView (1.1.0):
    - Masonry
  - TPUIKit/LimitTextField (1.1.0):
    - Masonry
  - TPUIKit/Line (1.1.0):
    - Masonry
  - TPUIKit/MarginLabel (1.1.0):
    - Masonry
  - TPUIKit/Menu (1.1.0):
    - Masonry
    - TPUIKit/Base
  - TPUIKit/Navigator (1.1.0):
    - Masonry
  - TPUIKit/PageControl (1.1.0):
    - Masonry
    - TPUIKit/Base
  - TPUIKit/QRCode (1.1.0):
    - Masonry
  - TPUIKit/Refresh (1.1.0):
    - Masonry
    - MJRefresh (~> 3.1.14)
    - TPUIKit/Base
  - TPUIKit/RichTextView (1.1.0):
    - Masonry
    - TPUIKit/Base
  - TPUIKit/ScreenShot (1.1.0):
    - Masonry
  - TPUIKit/ScrollTable (1.1.0):
    - Masonry
    - TPUIKit/Banner
    - TPUIKit/Base
    - TPUIKit/Tabbar
  - TPUIKit/ShadowCell (1.1.0):
    - Masonry
    - TPUIKit/Base
  - TPUIKit/SimButton (1.1.0):
    - Masonry
  - TPUIKit/Tabbar (1.1.0):
    - Masonry
    - TPUIKit/Base
  - TPUIKit/Toast (1.1.0):
    - Masonry
    - MBProgressHUD (~> 1.1.0)
    - TPUIKit/Base

DEPENDENCIES:
  - Asterism
  - Masonry
  - ReactiveObjC
  - TPDatabase
  - TPFoundation
  - TPJsonModel
  - TPUIKit

SPEC REPOS:
  https://github.com/CocoaPods/Specs.git:
    - Asterism
    - FMDB
    - MBProgressHUD
    - MJRefresh
    - ReactiveObjC
    - TPDatabase
    - TPFoundation
    - TPJsonModel
    - TPUIKit
  trunk:
    - Masonry

SPEC CHECKSUMS:
  Asterism: b2992aaf4ac2dbc66c3aea3a6412c67e3e689835
  FMDB: 57486c1117fd8e0e6b947b2f54c3f42bf8e57a4e
  Masonry: 678fab65091a9290e40e2832a55e7ab731aad201
  MBProgressHUD: e7baa36a220447d8aeb12769bf0585582f3866d9
  MJRefresh: ee5b68f639775462faba4db0fd243baf4d42c2cf
  ReactiveObjC: 011caa393aa0383245f2dcf9bf02e86b80b36040
  TPDatabase: 462d84788800b9852c025530d946df6b28f8ffa9
  TPFoundation: 48afacb359e2f12cb8fd0214aa88e8e8b5e04552
  TPJsonModel: 08b25aa72d62e6991639e62280796336972352c6
  TPUIKit: aab675dd99cd82283458fff958663c6a64001648

PODFILE CHECKSUM: c5298ee109b0301eff9c16e4cc404874c8c9f40a

COCOAPODS: 1.15.2
