// !$*UTF8*$!
{
	archiveVersion = 1;
	classes = {
	};
	objectVersion = 56;
	objects = {

/* Begin PBXBuildFile section */
		949CE65E2CF4635300FF8EE4 /* TPUserModule.m in Sources */ = {isa = PBXBuildFile; fileRef = 949CE65D2CF4635300FF8EE4 /* TPUserModule.m */; };
		949CE6612CF46D8C00FF8EE4 /* TPUserDao.m in Sources */ = {isa = PBXBuildFile; fileRef = 949CE6602CF46D8C00FF8EE4 /* TPUserDao.m */; };
		949CE6652CF4800000FF8EE4 /* NSDictionary+TPMapExtension.m in Sources */ = {isa = PBXBuildFile; fileRef = 949CE6642CF4800000FF8EE4 /* NSDictionary+TPMapExtension.m */; };
		949CE6682CF4ABDC00FF8EE4 /* TPForgotPwdVC.m in Sources */ = {isa = PBXBuildFile; fileRef = 949CE6672CF4ABDC00FF8EE4 /* TPForgotPwdVC.m */; };
		94AE8A9D2D13FEA700312D45 /* TPBaseView.m in Sources */ = {isa = PBXBuildFile; fileRef = 94AE8A9C2D13FEA700312D45 /* TPBaseView.m */; };
		94AE8AA32D14000400312D45 /* TPMineHeaderView.m in Sources */ = {isa = PBXBuildFile; fileRef = 94AE8AA22D14000400312D45 /* TPMineHeaderView.m */; };
		94AE8AA62D14744D00312D45 /* TPMineFunctionRow.m in Sources */ = {isa = PBXBuildFile; fileRef = 94AE8AA52D14744D00312D45 /* TPMineFunctionRow.m */; };
		94AE8AA92D147BC200312D45 /* TPMineToolSection.m in Sources */ = {isa = PBXBuildFile; fileRef = 94AE8AA82D147BC200312D45 /* TPMineToolSection.m */; };
		94AE8AAC2D147C2700312D45 /* TPBaseTableSectionView.m in Sources */ = {isa = PBXBuildFile; fileRef = 94AE8AAB2D147C2700312D45 /* TPBaseTableSectionView.m */; };
		94AE8AAF2D147EEA00312D45 /* TPMineToolRow.m in Sources */ = {isa = PBXBuildFile; fileRef = 94AE8AAE2D147EEA00312D45 /* TPMineToolRow.m */; };
		94AE8AB22D14833400312D45 /* TPBackgroundCell.m in Sources */ = {isa = PBXBuildFile; fileRef = 94AE8AB12D14833400312D45 /* TPBackgroundCell.m */; };
		94AE8ABC2D16734E00312D45 /* TPAdoptVC.m in Sources */ = {isa = PBXBuildFile; fileRef = 94AE8ABB2D16734E00312D45 /* TPAdoptVC.m */; };
		94AE8AC12D16B3F400312D45 /* TPHomeBannerSection.m in Sources */ = {isa = PBXBuildFile; fileRef = 94AE8AC02D16B3F400312D45 /* TPHomeBannerSection.m */; };
		94AE8AC42D16B46100312D45 /* TPBaseCollectionSectionView.m in Sources */ = {isa = PBXBuildFile; fileRef = 94AE8AC32D16B46100312D45 /* TPBaseCollectionSectionView.m */; };
		94AE8AC72D16B65B00312D45 /* TPHomeBannerPage.m in Sources */ = {isa = PBXBuildFile; fileRef = 94AE8AC62D16B65B00312D45 /* TPHomeBannerPage.m */; };
		94AE8ACB2D16B71B00312D45 /* TPHomeBannerModel.m in Sources */ = {isa = PBXBuildFile; fileRef = 94AE8ACA2D16B71B00312D45 /* TPHomeBannerModel.m */; };
		94AE8ACE2D16BCB300312D45 /* TPHomeLifeDiarySection.m in Sources */ = {isa = PBXBuildFile; fileRef = 94AE8ACD2D16BCB300312D45 /* TPHomeLifeDiarySection.m */; };
		94AE8AD12D16BDE900312D45 /* TPHomeLifeDiaryRow.m in Sources */ = {isa = PBXBuildFile; fileRef = 94AE8AD02D16BDE900312D45 /* TPHomeLifeDiaryRow.m */; };
		94AE8AD42D17B3A700312D45 /* TPCommonCollectionCell.m in Sources */ = {isa = PBXBuildFile; fileRef = 94AE8AD32D17B3A700312D45 /* TPCommonCollectionCell.m */; };
		94AE8AD92D17CAC300312D45 /* TPUIGradientLayer+TPExtension.m in Sources */ = {isa = PBXBuildFile; fileRef = 94AE8AD82D17CAC300312D45 /* TPUIGradientLayer+TPExtension.m */; };
		94AE8AFB2D17E51A00312D45 /* TPAdoptItemVC.m in Sources */ = {isa = PBXBuildFile; fileRef = 94AE8AFA2D17E51A00312D45 /* TPAdoptItemVC.m */; };
		94AE8AFE2D17E6A300312D45 /* TPAdoptItemRow.m in Sources */ = {isa = PBXBuildFile; fileRef = 94AE8AFD2D17E6A300312D45 /* TPAdoptItemRow.m */; };
		94AE8B012D17EE5000312D45 /* TPAdoptModel.m in Sources */ = {isa = PBXBuildFile; fileRef = 94AE8B002D17EE5000312D45 /* TPAdoptModel.m */; };
		94AE8B082D180EE300312D45 /* TPSingleBgTableCell.m in Sources */ = {isa = PBXBuildFile; fileRef = 94AE8B072D180EE300312D45 /* TPSingleBgTableCell.m */; };
		94AE8B0C2D18330A00312D45 /* TPNavigationTableVC.m in Sources */ = {isa = PBXBuildFile; fileRef = 94AE8B0B2D18330A00312D45 /* TPNavigationTableVC.m */; };
		94AE8B102D18346400312D45 /* TPNotifyAnnouncementRow.m in Sources */ = {isa = PBXBuildFile; fileRef = 94AE8B0F2D18346400312D45 /* TPNotifyAnnouncementRow.m */; };
		94AE8B142D18360200312D45 /* UIView+TPCommonEmpty.m in Sources */ = {isa = PBXBuildFile; fileRef = 94AE8B132D18360200312D45 /* UIView+TPCommonEmpty.m */; };
		94AE8B172D1836C400312D45 /* TPNotifyAnnouncementSection.m in Sources */ = {isa = PBXBuildFile; fileRef = 94AE8B162D1836C400312D45 /* TPNotifyAnnouncementSection.m */; };
		94AE8B1B2D183B3A00312D45 /* TPNotifyAnnouncementModel.m in Sources */ = {isa = PBXBuildFile; fileRef = 94AE8B1A2D183B3A00312D45 /* TPNotifyAnnouncementModel.m */; };
		94DD99842C9FCC0A00963330 /* AppDelegate.m in Sources */ = {isa = PBXBuildFile; fileRef = 94DD99832C9FCC0A00963330 /* AppDelegate.m */; };
		94DD998A2C9FCC0A00963330 /* ViewController.m in Sources */ = {isa = PBXBuildFile; fileRef = 94DD99892C9FCC0A00963330 /* ViewController.m */; };
		94DD998D2C9FCC0A00963330 /* Base in Resources */ = {isa = PBXBuildFile; fileRef = 94DD998C2C9FCC0A00963330 /* Base */; };
		94DD998F2C9FCC0A00963330 /* Assets.xcassets in Resources */ = {isa = PBXBuildFile; fileRef = 94DD998E2C9FCC0A00963330 /* Assets.xcassets */; };
		94DD99922C9FCC0A00963330 /* Base in Resources */ = {isa = PBXBuildFile; fileRef = 94DD99912C9FCC0A00963330 /* Base */; };
		94DD99952C9FCC0A00963330 /* main.m in Sources */ = {isa = PBXBuildFile; fileRef = 94DD99942C9FCC0A00963330 /* main.m */; };
		94DD999E2C9FE52600963330 /* TPRootVC.m in Sources */ = {isa = PBXBuildFile; fileRef = 94DD999D2C9FE52600963330 /* TPRootVC.m */; };
		94DD99A42C9FE7E400963330 /* TPNavigationController.m in Sources */ = {isa = PBXBuildFile; fileRef = 94DD99A32C9FE7E400963330 /* TPNavigationController.m */; };
		94DD99A72C9FE92200963330 /* TPBaseTableVC.m in Sources */ = {isa = PBXBuildFile; fileRef = 94DD99A62C9FE92200963330 /* TPBaseTableVC.m */; };
		94DD99B02C9FEC4400963330 /* TPBaseVC.m in Sources */ = {isa = PBXBuildFile; fileRef = 94DD99AF2C9FEC4400963330 /* TPBaseVC.m */; };
		94DD99B32C9FF01000963330 /* TPNotifyVC.m in Sources */ = {isa = PBXBuildFile; fileRef = 94DD99B22C9FF01000963330 /* TPNotifyVC.m */; };
		94DD99B62C9FF03700963330 /* TPMineVC.m in Sources */ = {isa = PBXBuildFile; fileRef = 94DD99B52C9FF03700963330 /* TPMineVC.m */; };
		94DD99BC2C9FF06900963330 /* TPHomeVC.m in Sources */ = {isa = PBXBuildFile; fileRef = 94DD99BB2C9FF06900963330 /* TPHomeVC.m */; };
		94DD99C02C9FF22600963330 /* AppDelegate+TPWindow.m in Sources */ = {isa = PBXBuildFile; fileRef = 94DD99BF2C9FF22600963330 /* AppDelegate+TPWindow.m */; };
		94E7ACCC2CBA1F0600D3BE10 /* TPLineView.m in Sources */ = {isa = PBXBuildFile; fileRef = 94E7ACCB2CBA1F0600D3BE10 /* TPLineView.m */; };
		94E7ACD72CBCC50C00D3BE10 /* TPNavigationView.m in Sources */ = {isa = PBXBuildFile; fileRef = 94E7ACD62CBCC50C00D3BE10 /* TPNavigationView.m */; };
		94E7ACDA2CBCE8B300D3BE10 /* TPNavigationBaseVC.m in Sources */ = {isa = PBXBuildFile; fileRef = 94E7ACD92CBCE8B300D3BE10 /* TPNavigationBaseVC.m */; };
		94E7ACDE2CBD09E600D3BE10 /* TPLoginVC.m in Sources */ = {isa = PBXBuildFile; fileRef = 94E7ACDD2CBD09E600D3BE10 /* TPLoginVC.m */; };
		94E7ACE62CBD200700D3BE10 /* FBShimmeringLayer.m in Sources */ = {isa = PBXBuildFile; fileRef = 94E7ACE22CBD200700D3BE10 /* FBShimmeringLayer.m */; };
		94E7ACE72CBD200700D3BE10 /* FBShimmeringView.m in Sources */ = {isa = PBXBuildFile; fileRef = 94E7ACE42CBD200700D3BE10 /* FBShimmeringView.m */; };
		94E7ACED2CBD251100D3BE10 /* TPAuthLogoRow.m in Sources */ = {isa = PBXBuildFile; fileRef = 94E7ACEC2CBD251100D3BE10 /* TPAuthLogoRow.m */; };
		94E7ACF02CBE009C00D3BE10 /* TPAuthTextFieldRow.m in Sources */ = {isa = PBXBuildFile; fileRef = 94E7ACEF2CBE009C00D3BE10 /* TPAuthTextFieldRow.m */; };
		94E7ACFF2CBE0E0F00D3BE10 /* TPCommonSection.m in Sources */ = {isa = PBXBuildFile; fileRef = 94E7ACFE2CBE0E0F00D3BE10 /* TPCommonSection.m */; };
		94E7AD022CBE15C500D3BE10 /* TPAuthButtonRow.m in Sources */ = {isa = PBXBuildFile; fileRef = 94E7AD012CBE15C500D3BE10 /* TPAuthButtonRow.m */; };
		94E7AD072CBE3C1B00D3BE10 /* TPUserModel.m in Sources */ = {isa = PBXBuildFile; fileRef = 94E7AD062CBE3C1B00D3BE10 /* TPUserModel.m */; };
		94E7AD0A2CBE40EC00D3BE10 /* TPAuthLoginActionRow.m in Sources */ = {isa = PBXBuildFile; fileRef = 94E7AD092CBE40EC00D3BE10 /* TPAuthLoginActionRow.m */; };
		94E7AD0E2CBE44F100D3BE10 /* TPUserManager.m in Sources */ = {isa = PBXBuildFile; fileRef = 94E7AD0D2CBE44F100D3BE10 /* TPUserManager.m */; };
		94E7AD112CBE48CC00D3BE10 /* TPCommonNotification.m in Sources */ = {isa = PBXBuildFile; fileRef = 94E7AD102CBE48CC00D3BE10 /* TPCommonNotification.m */; };
		94E7AD142CBE711600D3BE10 /* AppDelegate+TPDatabase.m in Sources */ = {isa = PBXBuildFile; fileRef = 94E7AD132CBE711600D3BE10 /* AppDelegate+TPDatabase.m */; };
		94E7AD172CC0F73100D3BE10 /* TPRegisterVC.m in Sources */ = {isa = PBXBuildFile; fileRef = 94E7AD162CC0F73100D3BE10 /* TPRegisterVC.m */; };
		94E7AD1A2CC1065200D3BE10 /* UIView+TPUIToast.m in Sources */ = {isa = PBXBuildFile; fileRef = 94E7AD192CC1065200D3BE10 /* UIView+TPUIToast.m */; };
		AA35E500398EBB06E2EA75BB /* Pods_Helper.framework in Frameworks */ = {isa = PBXBuildFile; fileRef = 7DD2FE6BC1B97D38F13F68F5 /* Pods_Helper.framework */; };
/* End PBXBuildFile section */

/* Begin PBXFileReference section */
		30C9D1D966542ADC90F5EC58 /* Pods-Helper.release.xcconfig */ = {isa = PBXFileReference; includeInIndex = 1; lastKnownFileType = text.xcconfig; name = "Pods-Helper.release.xcconfig"; path = "Target Support Files/Pods-Helper/Pods-Helper.release.xcconfig"; sourceTree = "<group>"; };
		7DD2FE6BC1B97D38F13F68F5 /* Pods_Helper.framework */ = {isa = PBXFileReference; explicitFileType = wrapper.framework; includeInIndex = 0; path = Pods_Helper.framework; sourceTree = BUILT_PRODUCTS_DIR; };
		949CE65C2CF4635300FF8EE4 /* TPUserModule.h */ = {isa = PBXFileReference; lastKnownFileType = sourcecode.c.h; path = TPUserModule.h; sourceTree = "<group>"; };
		949CE65D2CF4635300FF8EE4 /* TPUserModule.m */ = {isa = PBXFileReference; lastKnownFileType = sourcecode.c.objc; path = TPUserModule.m; sourceTree = "<group>"; };
		949CE65F2CF46D8C00FF8EE4 /* TPUserDao.h */ = {isa = PBXFileReference; lastKnownFileType = sourcecode.c.h; path = TPUserDao.h; sourceTree = "<group>"; };
		949CE6602CF46D8C00FF8EE4 /* TPUserDao.m */ = {isa = PBXFileReference; lastKnownFileType = sourcecode.c.objc; path = TPUserDao.m; sourceTree = "<group>"; };
		949CE6632CF4800000FF8EE4 /* NSDictionary+TPMapExtension.h */ = {isa = PBXFileReference; lastKnownFileType = sourcecode.c.h; path = "NSDictionary+TPMapExtension.h"; sourceTree = "<group>"; };
		949CE6642CF4800000FF8EE4 /* NSDictionary+TPMapExtension.m */ = {isa = PBXFileReference; lastKnownFileType = sourcecode.c.objc; path = "NSDictionary+TPMapExtension.m"; sourceTree = "<group>"; };
		949CE6662CF4ABDC00FF8EE4 /* TPForgotPwdVC.h */ = {isa = PBXFileReference; lastKnownFileType = sourcecode.c.h; path = TPForgotPwdVC.h; sourceTree = "<group>"; };
		949CE6672CF4ABDC00FF8EE4 /* TPForgotPwdVC.m */ = {isa = PBXFileReference; lastKnownFileType = sourcecode.c.objc; path = TPForgotPwdVC.m; sourceTree = "<group>"; };
		94AE8A9B2D13FEA700312D45 /* TPBaseView.h */ = {isa = PBXFileReference; lastKnownFileType = sourcecode.c.h; path = TPBaseView.h; sourceTree = "<group>"; };
		94AE8A9C2D13FEA700312D45 /* TPBaseView.m */ = {isa = PBXFileReference; lastKnownFileType = sourcecode.c.objc; path = TPBaseView.m; sourceTree = "<group>"; };
		94AE8AA12D14000400312D45 /* TPMineHeaderView.h */ = {isa = PBXFileReference; lastKnownFileType = sourcecode.c.h; path = TPMineHeaderView.h; sourceTree = "<group>"; };
		94AE8AA22D14000400312D45 /* TPMineHeaderView.m */ = {isa = PBXFileReference; lastKnownFileType = sourcecode.c.objc; path = TPMineHeaderView.m; sourceTree = "<group>"; };
		94AE8AA42D14744D00312D45 /* TPMineFunctionRow.h */ = {isa = PBXFileReference; lastKnownFileType = sourcecode.c.h; path = TPMineFunctionRow.h; sourceTree = "<group>"; };
		94AE8AA52D14744D00312D45 /* TPMineFunctionRow.m */ = {isa = PBXFileReference; lastKnownFileType = sourcecode.c.objc; path = TPMineFunctionRow.m; sourceTree = "<group>"; };
		94AE8AA72D147BC200312D45 /* TPMineToolSection.h */ = {isa = PBXFileReference; lastKnownFileType = sourcecode.c.h; path = TPMineToolSection.h; sourceTree = "<group>"; };
		94AE8AA82D147BC200312D45 /* TPMineToolSection.m */ = {isa = PBXFileReference; lastKnownFileType = sourcecode.c.objc; path = TPMineToolSection.m; sourceTree = "<group>"; };
		94AE8AAA2D147C2700312D45 /* TPBaseTableSectionView.h */ = {isa = PBXFileReference; lastKnownFileType = sourcecode.c.h; path = TPBaseTableSectionView.h; sourceTree = "<group>"; };
		94AE8AAB2D147C2700312D45 /* TPBaseTableSectionView.m */ = {isa = PBXFileReference; lastKnownFileType = sourcecode.c.objc; path = TPBaseTableSectionView.m; sourceTree = "<group>"; };
		94AE8AAD2D147EEA00312D45 /* TPMineToolRow.h */ = {isa = PBXFileReference; lastKnownFileType = sourcecode.c.h; path = TPMineToolRow.h; sourceTree = "<group>"; };
		94AE8AAE2D147EEA00312D45 /* TPMineToolRow.m */ = {isa = PBXFileReference; lastKnownFileType = sourcecode.c.objc; path = TPMineToolRow.m; sourceTree = "<group>"; };
		94AE8AB02D14833400312D45 /* TPBackgroundCell.h */ = {isa = PBXFileReference; lastKnownFileType = sourcecode.c.h; path = TPBackgroundCell.h; sourceTree = "<group>"; };
		94AE8AB12D14833400312D45 /* TPBackgroundCell.m */ = {isa = PBXFileReference; lastKnownFileType = sourcecode.c.objc; path = TPBackgroundCell.m; sourceTree = "<group>"; };
		94AE8ABA2D16734E00312D45 /* TPAdoptVC.h */ = {isa = PBXFileReference; lastKnownFileType = sourcecode.c.h; path = TPAdoptVC.h; sourceTree = "<group>"; };
		94AE8ABB2D16734E00312D45 /* TPAdoptVC.m */ = {isa = PBXFileReference; lastKnownFileType = sourcecode.c.objc; path = TPAdoptVC.m; sourceTree = "<group>"; };
		94AE8ABF2D16B3F400312D45 /* TPHomeBannerSection.h */ = {isa = PBXFileReference; lastKnownFileType = sourcecode.c.h; path = TPHomeBannerSection.h; sourceTree = "<group>"; };
		94AE8AC02D16B3F400312D45 /* TPHomeBannerSection.m */ = {isa = PBXFileReference; lastKnownFileType = sourcecode.c.objc; path = TPHomeBannerSection.m; sourceTree = "<group>"; };
		94AE8AC22D16B46100312D45 /* TPBaseCollectionSectionView.h */ = {isa = PBXFileReference; lastKnownFileType = sourcecode.c.h; path = TPBaseCollectionSectionView.h; sourceTree = "<group>"; };
		94AE8AC32D16B46100312D45 /* TPBaseCollectionSectionView.m */ = {isa = PBXFileReference; lastKnownFileType = sourcecode.c.objc; path = TPBaseCollectionSectionView.m; sourceTree = "<group>"; };
		94AE8AC52D16B65B00312D45 /* TPHomeBannerPage.h */ = {isa = PBXFileReference; lastKnownFileType = sourcecode.c.h; path = TPHomeBannerPage.h; sourceTree = "<group>"; };
		94AE8AC62D16B65B00312D45 /* TPHomeBannerPage.m */ = {isa = PBXFileReference; lastKnownFileType = sourcecode.c.objc; path = TPHomeBannerPage.m; sourceTree = "<group>"; };
		94AE8AC92D16B71B00312D45 /* TPHomeBannerModel.h */ = {isa = PBXFileReference; lastKnownFileType = sourcecode.c.h; path = TPHomeBannerModel.h; sourceTree = "<group>"; };
		94AE8ACA2D16B71B00312D45 /* TPHomeBannerModel.m */ = {isa = PBXFileReference; lastKnownFileType = sourcecode.c.objc; path = TPHomeBannerModel.m; sourceTree = "<group>"; };
		94AE8ACC2D16BCB300312D45 /* TPHomeLifeDiarySection.h */ = {isa = PBXFileReference; lastKnownFileType = sourcecode.c.h; path = TPHomeLifeDiarySection.h; sourceTree = "<group>"; };
		94AE8ACD2D16BCB300312D45 /* TPHomeLifeDiarySection.m */ = {isa = PBXFileReference; lastKnownFileType = sourcecode.c.objc; path = TPHomeLifeDiarySection.m; sourceTree = "<group>"; };
		94AE8ACF2D16BDE900312D45 /* TPHomeLifeDiaryRow.h */ = {isa = PBXFileReference; lastKnownFileType = sourcecode.c.h; path = TPHomeLifeDiaryRow.h; sourceTree = "<group>"; };
		94AE8AD02D16BDE900312D45 /* TPHomeLifeDiaryRow.m */ = {isa = PBXFileReference; lastKnownFileType = sourcecode.c.objc; path = TPHomeLifeDiaryRow.m; sourceTree = "<group>"; };
		94AE8AD22D17B3A700312D45 /* TPCommonCollectionCell.h */ = {isa = PBXFileReference; lastKnownFileType = sourcecode.c.h; path = TPCommonCollectionCell.h; sourceTree = "<group>"; };
		94AE8AD32D17B3A700312D45 /* TPCommonCollectionCell.m */ = {isa = PBXFileReference; lastKnownFileType = sourcecode.c.objc; path = TPCommonCollectionCell.m; sourceTree = "<group>"; };
		94AE8AD72D17CAC300312D45 /* TPUIGradientLayer+TPExtension.h */ = {isa = PBXFileReference; lastKnownFileType = sourcecode.c.h; path = "TPUIGradientLayer+TPExtension.h"; sourceTree = "<group>"; };
		94AE8AD82D17CAC300312D45 /* TPUIGradientLayer+TPExtension.m */ = {isa = PBXFileReference; lastKnownFileType = sourcecode.c.objc; path = "TPUIGradientLayer+TPExtension.m"; sourceTree = "<group>"; };
		94AE8AF92D17E51A00312D45 /* TPAdoptItemVC.h */ = {isa = PBXFileReference; lastKnownFileType = sourcecode.c.h; path = TPAdoptItemVC.h; sourceTree = "<group>"; };
		94AE8AFA2D17E51A00312D45 /* TPAdoptItemVC.m */ = {isa = PBXFileReference; lastKnownFileType = sourcecode.c.objc; path = TPAdoptItemVC.m; sourceTree = "<group>"; };
		94AE8AFC2D17E6A300312D45 /* TPAdoptItemRow.h */ = {isa = PBXFileReference; lastKnownFileType = sourcecode.c.h; path = TPAdoptItemRow.h; sourceTree = "<group>"; };
		94AE8AFD2D17E6A300312D45 /* TPAdoptItemRow.m */ = {isa = PBXFileReference; lastKnownFileType = sourcecode.c.objc; path = TPAdoptItemRow.m; sourceTree = "<group>"; };
		94AE8AFF2D17EE5000312D45 /* TPAdoptModel.h */ = {isa = PBXFileReference; lastKnownFileType = sourcecode.c.h; path = TPAdoptModel.h; sourceTree = "<group>"; };
		94AE8B002D17EE5000312D45 /* TPAdoptModel.m */ = {isa = PBXFileReference; lastKnownFileType = sourcecode.c.objc; path = TPAdoptModel.m; sourceTree = "<group>"; };
		94AE8B052D17F06A00312D45 /* TPHelperEnum.h */ = {isa = PBXFileReference; lastKnownFileType = sourcecode.c.h; path = TPHelperEnum.h; sourceTree = "<group>"; };
		94AE8B062D180EE300312D45 /* TPSingleBgTableCell.h */ = {isa = PBXFileReference; lastKnownFileType = sourcecode.c.h; path = TPSingleBgTableCell.h; sourceTree = "<group>"; };
		94AE8B072D180EE300312D45 /* TPSingleBgTableCell.m */ = {isa = PBXFileReference; lastKnownFileType = sourcecode.c.objc; path = TPSingleBgTableCell.m; sourceTree = "<group>"; };
		94AE8B0A2D18330A00312D45 /* TPNavigationTableVC.h */ = {isa = PBXFileReference; lastKnownFileType = sourcecode.c.h; path = TPNavigationTableVC.h; sourceTree = "<group>"; };
		94AE8B0B2D18330A00312D45 /* TPNavigationTableVC.m */ = {isa = PBXFileReference; lastKnownFileType = sourcecode.c.objc; path = TPNavigationTableVC.m; sourceTree = "<group>"; };
		94AE8B0E2D18346400312D45 /* TPNotifyAnnouncementRow.h */ = {isa = PBXFileReference; lastKnownFileType = sourcecode.c.h; path = TPNotifyAnnouncementRow.h; sourceTree = "<group>"; };
		94AE8B0F2D18346400312D45 /* TPNotifyAnnouncementRow.m */ = {isa = PBXFileReference; lastKnownFileType = sourcecode.c.objc; path = TPNotifyAnnouncementRow.m; sourceTree = "<group>"; };
		94AE8B122D18360200312D45 /* UIView+TPCommonEmpty.h */ = {isa = PBXFileReference; lastKnownFileType = sourcecode.c.h; path = "UIView+TPCommonEmpty.h"; sourceTree = "<group>"; };
		94AE8B132D18360200312D45 /* UIView+TPCommonEmpty.m */ = {isa = PBXFileReference; lastKnownFileType = sourcecode.c.objc; path = "UIView+TPCommonEmpty.m"; sourceTree = "<group>"; };
		94AE8B152D1836C400312D45 /* TPNotifyAnnouncementSection.h */ = {isa = PBXFileReference; lastKnownFileType = sourcecode.c.h; path = TPNotifyAnnouncementSection.h; sourceTree = "<group>"; };
		94AE8B162D1836C400312D45 /* TPNotifyAnnouncementSection.m */ = {isa = PBXFileReference; lastKnownFileType = sourcecode.c.objc; path = TPNotifyAnnouncementSection.m; sourceTree = "<group>"; };
		94AE8B192D183B3A00312D45 /* TPNotifyAnnouncementModel.h */ = {isa = PBXFileReference; lastKnownFileType = sourcecode.c.h; path = TPNotifyAnnouncementModel.h; sourceTree = "<group>"; };
		94AE8B1A2D183B3A00312D45 /* TPNotifyAnnouncementModel.m */ = {isa = PBXFileReference; lastKnownFileType = sourcecode.c.objc; path = TPNotifyAnnouncementModel.m; sourceTree = "<group>"; };
		94DD997F2C9FCC0A00963330 /* Helper.app */ = {isa = PBXFileReference; explicitFileType = wrapper.application; includeInIndex = 0; path = Helper.app; sourceTree = BUILT_PRODUCTS_DIR; };
		94DD99822C9FCC0A00963330 /* AppDelegate.h */ = {isa = PBXFileReference; lastKnownFileType = sourcecode.c.h; path = AppDelegate.h; sourceTree = "<group>"; };
		94DD99832C9FCC0A00963330 /* AppDelegate.m */ = {isa = PBXFileReference; lastKnownFileType = sourcecode.c.objc; path = AppDelegate.m; sourceTree = "<group>"; };
		94DD99882C9FCC0A00963330 /* ViewController.h */ = {isa = PBXFileReference; lastKnownFileType = sourcecode.c.h; path = ViewController.h; sourceTree = "<group>"; };
		94DD99892C9FCC0A00963330 /* ViewController.m */ = {isa = PBXFileReference; lastKnownFileType = sourcecode.c.objc; path = ViewController.m; sourceTree = "<group>"; };
		94DD998C2C9FCC0A00963330 /* Base */ = {isa = PBXFileReference; lastKnownFileType = file.storyboard; name = Base; path = Base.lproj/Main.storyboard; sourceTree = "<group>"; };
		94DD998E2C9FCC0A00963330 /* Assets.xcassets */ = {isa = PBXFileReference; lastKnownFileType = folder.assetcatalog; path = Assets.xcassets; sourceTree = "<group>"; };
		94DD99912C9FCC0A00963330 /* Base */ = {isa = PBXFileReference; lastKnownFileType = file.storyboard; name = Base; path = Base.lproj/LaunchScreen.storyboard; sourceTree = "<group>"; };
		94DD99932C9FCC0A00963330 /* Info.plist */ = {isa = PBXFileReference; lastKnownFileType = text.plist.xml; path = Info.plist; sourceTree = "<group>"; };
		94DD99942C9FCC0A00963330 /* main.m */ = {isa = PBXFileReference; lastKnownFileType = sourcecode.c.objc; path = main.m; sourceTree = "<group>"; };
		94DD999C2C9FE52600963330 /* TPRootVC.h */ = {isa = PBXFileReference; lastKnownFileType = sourcecode.c.h; path = TPRootVC.h; sourceTree = "<group>"; };
		94DD999D2C9FE52600963330 /* TPRootVC.m */ = {isa = PBXFileReference; lastKnownFileType = sourcecode.c.objc; path = TPRootVC.m; sourceTree = "<group>"; };
		94DD999F2C9FE5D800963330 /* Helper.pch */ = {isa = PBXFileReference; lastKnownFileType = sourcecode.c.h; path = Helper.pch; sourceTree = "<group>"; };
		94DD99A22C9FE7E400963330 /* TPNavigationController.h */ = {isa = PBXFileReference; lastKnownFileType = sourcecode.c.h; path = TPNavigationController.h; sourceTree = "<group>"; };
		94DD99A32C9FE7E400963330 /* TPNavigationController.m */ = {isa = PBXFileReference; lastKnownFileType = sourcecode.c.objc; path = TPNavigationController.m; sourceTree = "<group>"; };
		94DD99A52C9FE92200963330 /* TPBaseTableVC.h */ = {isa = PBXFileReference; lastKnownFileType = sourcecode.c.h; path = TPBaseTableVC.h; sourceTree = "<group>"; };
		94DD99A62C9FE92200963330 /* TPBaseTableVC.m */ = {isa = PBXFileReference; lastKnownFileType = sourcecode.c.objc; path = TPBaseTableVC.m; sourceTree = "<group>"; };
		94DD99AE2C9FEC4400963330 /* TPBaseVC.h */ = {isa = PBXFileReference; lastKnownFileType = sourcecode.c.h; path = TPBaseVC.h; sourceTree = "<group>"; };
		94DD99AF2C9FEC4400963330 /* TPBaseVC.m */ = {isa = PBXFileReference; lastKnownFileType = sourcecode.c.objc; path = TPBaseVC.m; sourceTree = "<group>"; };
		94DD99B12C9FF01000963330 /* TPNotifyVC.h */ = {isa = PBXFileReference; lastKnownFileType = sourcecode.c.h; path = TPNotifyVC.h; sourceTree = "<group>"; };
		94DD99B22C9FF01000963330 /* TPNotifyVC.m */ = {isa = PBXFileReference; lastKnownFileType = sourcecode.c.objc; path = TPNotifyVC.m; sourceTree = "<group>"; };
		94DD99B42C9FF03700963330 /* TPMineVC.h */ = {isa = PBXFileReference; lastKnownFileType = sourcecode.c.h; path = TPMineVC.h; sourceTree = "<group>"; };
		94DD99B52C9FF03700963330 /* TPMineVC.m */ = {isa = PBXFileReference; lastKnownFileType = sourcecode.c.objc; path = TPMineVC.m; sourceTree = "<group>"; };
		94DD99BA2C9FF06900963330 /* TPHomeVC.h */ = {isa = PBXFileReference; lastKnownFileType = sourcecode.c.h; path = TPHomeVC.h; sourceTree = "<group>"; };
		94DD99BB2C9FF06900963330 /* TPHomeVC.m */ = {isa = PBXFileReference; lastKnownFileType = sourcecode.c.objc; path = TPHomeVC.m; sourceTree = "<group>"; };
		94DD99BE2C9FF22600963330 /* AppDelegate+TPWindow.h */ = {isa = PBXFileReference; lastKnownFileType = sourcecode.c.h; path = "AppDelegate+TPWindow.h"; sourceTree = "<group>"; };
		94DD99BF2C9FF22600963330 /* AppDelegate+TPWindow.m */ = {isa = PBXFileReference; lastKnownFileType = sourcecode.c.objc; path = "AppDelegate+TPWindow.m"; sourceTree = "<group>"; };
		94E7ACCA2CBA1F0600D3BE10 /* TPLineView.h */ = {isa = PBXFileReference; lastKnownFileType = sourcecode.c.h; path = TPLineView.h; sourceTree = "<group>"; };
		94E7ACCB2CBA1F0600D3BE10 /* TPLineView.m */ = {isa = PBXFileReference; lastKnownFileType = sourcecode.c.objc; path = TPLineView.m; sourceTree = "<group>"; };
		94E7ACD52CBCC50C00D3BE10 /* TPNavigationView.h */ = {isa = PBXFileReference; lastKnownFileType = sourcecode.c.h; path = TPNavigationView.h; sourceTree = "<group>"; };
		94E7ACD62CBCC50C00D3BE10 /* TPNavigationView.m */ = {isa = PBXFileReference; lastKnownFileType = sourcecode.c.objc; path = TPNavigationView.m; sourceTree = "<group>"; };
		94E7ACD82CBCE8B300D3BE10 /* TPNavigationBaseVC.h */ = {isa = PBXFileReference; lastKnownFileType = sourcecode.c.h; path = TPNavigationBaseVC.h; sourceTree = "<group>"; };
		94E7ACD92CBCE8B300D3BE10 /* TPNavigationBaseVC.m */ = {isa = PBXFileReference; lastKnownFileType = sourcecode.c.objc; path = TPNavigationBaseVC.m; sourceTree = "<group>"; };
		94E7ACDC2CBD09E600D3BE10 /* TPLoginVC.h */ = {isa = PBXFileReference; lastKnownFileType = sourcecode.c.h; path = TPLoginVC.h; sourceTree = "<group>"; };
		94E7ACDD2CBD09E600D3BE10 /* TPLoginVC.m */ = {isa = PBXFileReference; lastKnownFileType = sourcecode.c.objc; path = TPLoginVC.m; sourceTree = "<group>"; };
		94E7ACE02CBD200700D3BE10 /* FBShimmering.h */ = {isa = PBXFileReference; fileEncoding = 4; lastKnownFileType = sourcecode.c.h; path = FBShimmering.h; sourceTree = "<group>"; };
		94E7ACE12CBD200700D3BE10 /* FBShimmeringLayer.h */ = {isa = PBXFileReference; fileEncoding = 4; lastKnownFileType = sourcecode.c.h; path = FBShimmeringLayer.h; sourceTree = "<group>"; };
		94E7ACE22CBD200700D3BE10 /* FBShimmeringLayer.m */ = {isa = PBXFileReference; fileEncoding = 4; lastKnownFileType = sourcecode.c.objc; path = FBShimmeringLayer.m; sourceTree = "<group>"; };
		94E7ACE32CBD200700D3BE10 /* FBShimmeringView.h */ = {isa = PBXFileReference; fileEncoding = 4; lastKnownFileType = sourcecode.c.h; path = FBShimmeringView.h; sourceTree = "<group>"; };
		94E7ACE42CBD200700D3BE10 /* FBShimmeringView.m */ = {isa = PBXFileReference; fileEncoding = 4; lastKnownFileType = sourcecode.c.objc; path = FBShimmeringView.m; sourceTree = "<group>"; };
		94E7ACEB2CBD251100D3BE10 /* TPAuthLogoRow.h */ = {isa = PBXFileReference; lastKnownFileType = sourcecode.c.h; path = TPAuthLogoRow.h; sourceTree = "<group>"; };
		94E7ACEC2CBD251100D3BE10 /* TPAuthLogoRow.m */ = {isa = PBXFileReference; lastKnownFileType = sourcecode.c.objc; path = TPAuthLogoRow.m; sourceTree = "<group>"; };
		94E7ACEE2CBE009C00D3BE10 /* TPAuthTextFieldRow.h */ = {isa = PBXFileReference; lastKnownFileType = sourcecode.c.h; path = TPAuthTextFieldRow.h; sourceTree = "<group>"; };
		94E7ACEF2CBE009C00D3BE10 /* TPAuthTextFieldRow.m */ = {isa = PBXFileReference; lastKnownFileType = sourcecode.c.objc; path = TPAuthTextFieldRow.m; sourceTree = "<group>"; };
		94E7ACFD2CBE0E0F00D3BE10 /* TPCommonSection.h */ = {isa = PBXFileReference; lastKnownFileType = sourcecode.c.h; path = TPCommonSection.h; sourceTree = "<group>"; };
		94E7ACFE2CBE0E0F00D3BE10 /* TPCommonSection.m */ = {isa = PBXFileReference; lastKnownFileType = sourcecode.c.objc; path = TPCommonSection.m; sourceTree = "<group>"; };
		94E7AD002CBE15C500D3BE10 /* TPAuthButtonRow.h */ = {isa = PBXFileReference; lastKnownFileType = sourcecode.c.h; path = TPAuthButtonRow.h; sourceTree = "<group>"; };
		94E7AD012CBE15C500D3BE10 /* TPAuthButtonRow.m */ = {isa = PBXFileReference; lastKnownFileType = sourcecode.c.objc; path = TPAuthButtonRow.m; sourceTree = "<group>"; };
		94E7AD042CBE1C8500D3BE10 /* TPGeneralMacro.h */ = {isa = PBXFileReference; lastKnownFileType = sourcecode.c.h; path = TPGeneralMacro.h; sourceTree = "<group>"; };
		94E7AD052CBE3C1B00D3BE10 /* TPUserModel.h */ = {isa = PBXFileReference; lastKnownFileType = sourcecode.c.h; path = TPUserModel.h; sourceTree = "<group>"; };
		94E7AD062CBE3C1B00D3BE10 /* TPUserModel.m */ = {isa = PBXFileReference; lastKnownFileType = sourcecode.c.objc; path = TPUserModel.m; sourceTree = "<group>"; };
		94E7AD082CBE40EC00D3BE10 /* TPAuthLoginActionRow.h */ = {isa = PBXFileReference; lastKnownFileType = sourcecode.c.h; path = TPAuthLoginActionRow.h; sourceTree = "<group>"; };
		94E7AD092CBE40EC00D3BE10 /* TPAuthLoginActionRow.m */ = {isa = PBXFileReference; lastKnownFileType = sourcecode.c.objc; path = TPAuthLoginActionRow.m; sourceTree = "<group>"; };
		94E7AD0C2CBE44F100D3BE10 /* TPUserManager.h */ = {isa = PBXFileReference; lastKnownFileType = sourcecode.c.h; path = TPUserManager.h; sourceTree = "<group>"; };
		94E7AD0D2CBE44F100D3BE10 /* TPUserManager.m */ = {isa = PBXFileReference; lastKnownFileType = sourcecode.c.objc; path = TPUserManager.m; sourceTree = "<group>"; };
		94E7AD0F2CBE48CC00D3BE10 /* TPCommonNotification.h */ = {isa = PBXFileReference; lastKnownFileType = sourcecode.c.h; path = TPCommonNotification.h; sourceTree = "<group>"; };
		94E7AD102CBE48CC00D3BE10 /* TPCommonNotification.m */ = {isa = PBXFileReference; lastKnownFileType = sourcecode.c.objc; path = TPCommonNotification.m; sourceTree = "<group>"; };
		94E7AD122CBE711600D3BE10 /* AppDelegate+TPDatabase.h */ = {isa = PBXFileReference; lastKnownFileType = sourcecode.c.h; path = "AppDelegate+TPDatabase.h"; sourceTree = "<group>"; };
		94E7AD132CBE711600D3BE10 /* AppDelegate+TPDatabase.m */ = {isa = PBXFileReference; lastKnownFileType = sourcecode.c.objc; path = "AppDelegate+TPDatabase.m"; sourceTree = "<group>"; };
		94E7AD152CC0F73100D3BE10 /* TPRegisterVC.h */ = {isa = PBXFileReference; lastKnownFileType = sourcecode.c.h; path = TPRegisterVC.h; sourceTree = "<group>"; };
		94E7AD162CC0F73100D3BE10 /* TPRegisterVC.m */ = {isa = PBXFileReference; lastKnownFileType = sourcecode.c.objc; path = TPRegisterVC.m; sourceTree = "<group>"; };
		94E7AD182CC1065200D3BE10 /* UIView+TPUIToast.h */ = {isa = PBXFileReference; lastKnownFileType = sourcecode.c.h; path = "UIView+TPUIToast.h"; sourceTree = "<group>"; };
		94E7AD192CC1065200D3BE10 /* UIView+TPUIToast.m */ = {isa = PBXFileReference; lastKnownFileType = sourcecode.c.objc; path = "UIView+TPUIToast.m"; sourceTree = "<group>"; };
		A7EFE22C121DADF946C1CF9A /* Pods-Helper.debug.xcconfig */ = {isa = PBXFileReference; includeInIndex = 1; lastKnownFileType = text.xcconfig; name = "Pods-Helper.debug.xcconfig"; path = "Target Support Files/Pods-Helper/Pods-Helper.debug.xcconfig"; sourceTree = "<group>"; };
/* End PBXFileReference section */

/* Begin PBXFrameworksBuildPhase section */
		94DD997C2C9FCC0A00963330 /* Frameworks */ = {
			isa = PBXFrameworksBuildPhase;
			buildActionMask = 2147483647;
			files = (
				AA35E500398EBB06E2EA75BB /* Pods_Helper.framework in Frameworks */,
			);
			runOnlyForDeploymentPostprocessing = 0;
		};
/* End PBXFrameworksBuildPhase section */

/* Begin PBXGroup section */
		25CCFF9D37934C97A280C70B /* Frameworks */ = {
			isa = PBXGroup;
			children = (
				7DD2FE6BC1B97D38F13F68F5 /* Pods_Helper.framework */,
			);
			name = Frameworks;
			sourceTree = "<group>";
		};
		949CE6622CF47FCC00FF8EE4 /* Category */ = {
			isa = PBXGroup;
			children = (
				94AE8B112D1835E200312D45 /* View */,
				94AE8AD62D17CAAA00312D45 /* GradientLayer */,
				94AE8AD52D17CA9D00312D45 /* Dictionary */,
			);
			path = Category;
			sourceTree = "<group>";
		};
		94AE8A962D13FE0B00312D45 /* View */ = {
			isa = PBXGroup;
			children = (
				94AE8AA12D14000400312D45 /* TPMineHeaderView.h */,
				94AE8AA22D14000400312D45 /* TPMineHeaderView.m */,
				94AE8AA42D14744D00312D45 /* TPMineFunctionRow.h */,
				94AE8AA52D14744D00312D45 /* TPMineFunctionRow.m */,
				94AE8AA72D147BC200312D45 /* TPMineToolSection.h */,
				94AE8AA82D147BC200312D45 /* TPMineToolSection.m */,
				94AE8AAD2D147EEA00312D45 /* TPMineToolRow.h */,
				94AE8AAE2D147EEA00312D45 /* TPMineToolRow.m */,
			);
			path = View;
			sourceTree = "<group>";
		};
		94AE8A972D13FE1200312D45 /* Model */ = {
			isa = PBXGroup;
			children = (
			);
			path = Model;
			sourceTree = "<group>";
		};
		94AE8A982D13FE1B00312D45 /* Controller */ = {
			isa = PBXGroup;
			children = (
				94DD99B42C9FF03700963330 /* TPMineVC.h */,
				94DD99B52C9FF03700963330 /* TPMineVC.m */,
			);
			path = Controller;
			sourceTree = "<group>";
		};
		94AE8A992D13FE8600312D45 /* Controller */ = {
			isa = PBXGroup;
			children = (
				94DD99A22C9FE7E400963330 /* TPNavigationController.h */,
				94DD99A32C9FE7E400963330 /* TPNavigationController.m */,
				94DD99A52C9FE92200963330 /* TPBaseTableVC.h */,
				94DD99A62C9FE92200963330 /* TPBaseTableVC.m */,
				94DD99AE2C9FEC4400963330 /* TPBaseVC.h */,
				94DD99AF2C9FEC4400963330 /* TPBaseVC.m */,
				94E7ACD82CBCE8B300D3BE10 /* TPNavigationBaseVC.h */,
				94E7ACD92CBCE8B300D3BE10 /* TPNavigationBaseVC.m */,
				94AE8B0A2D18330A00312D45 /* TPNavigationTableVC.h */,
				94AE8B0B2D18330A00312D45 /* TPNavigationTableVC.m */,
			);
			path = Controller;
			sourceTree = "<group>";
		};
		94AE8A9A2D13FE9A00312D45 /* View */ = {
			isa = PBXGroup;
			children = (
				94E7ACFD2CBE0E0F00D3BE10 /* TPCommonSection.h */,
				94E7ACFE2CBE0E0F00D3BE10 /* TPCommonSection.m */,
				94E7AD182CC1065200D3BE10 /* UIView+TPUIToast.h */,
				94E7AD192CC1065200D3BE10 /* UIView+TPUIToast.m */,
				94AE8AAA2D147C2700312D45 /* TPBaseTableSectionView.h */,
				94AE8AAB2D147C2700312D45 /* TPBaseTableSectionView.m */,
				94AE8AB02D14833400312D45 /* TPBackgroundCell.h */,
				94AE8AB12D14833400312D45 /* TPBackgroundCell.m */,
				94AE8AC22D16B46100312D45 /* TPBaseCollectionSectionView.h */,
				94AE8AC32D16B46100312D45 /* TPBaseCollectionSectionView.m */,
				94AE8A9B2D13FEA700312D45 /* TPBaseView.h */,
				94AE8A9C2D13FEA700312D45 /* TPBaseView.m */,
				94AE8AD22D17B3A700312D45 /* TPCommonCollectionCell.h */,
				94AE8AD32D17B3A700312D45 /* TPCommonCollectionCell.m */,
				94AE8B062D180EE300312D45 /* TPSingleBgTableCell.h */,
				94AE8B072D180EE300312D45 /* TPSingleBgTableCell.m */,
			);
			path = View;
			sourceTree = "<group>";
		};
		94AE8AB92D16733900312D45 /* Adopt */ = {
			isa = PBXGroup;
			children = (
				94AE8AF42D17E00200312D45 /* Model */,
				94AE8AF32D17DFF800312D45 /* View */,
				94AE8AF22D17DFED00312D45 /* Controller */,
			);
			path = Adopt;
			sourceTree = "<group>";
		};
		94AE8ABD2D16B33D00312D45 /* Controller */ = {
			isa = PBXGroup;
			children = (
				94DD99BA2C9FF06900963330 /* TPHomeVC.h */,
				94DD99BB2C9FF06900963330 /* TPHomeVC.m */,
			);
			path = Controller;
			sourceTree = "<group>";
		};
		94AE8ABE2D16B35000312D45 /* View */ = {
			isa = PBXGroup;
			children = (
				94AE8ABF2D16B3F400312D45 /* TPHomeBannerSection.h */,
				94AE8AC02D16B3F400312D45 /* TPHomeBannerSection.m */,
				94AE8AC52D16B65B00312D45 /* TPHomeBannerPage.h */,
				94AE8AC62D16B65B00312D45 /* TPHomeBannerPage.m */,
				94AE8ACC2D16BCB300312D45 /* TPHomeLifeDiarySection.h */,
				94AE8ACD2D16BCB300312D45 /* TPHomeLifeDiarySection.m */,
				94AE8ACF2D16BDE900312D45 /* TPHomeLifeDiaryRow.h */,
				94AE8AD02D16BDE900312D45 /* TPHomeLifeDiaryRow.m */,
			);
			path = View;
			sourceTree = "<group>";
		};
		94AE8AC82D16B70D00312D45 /* Model */ = {
			isa = PBXGroup;
			children = (
				94AE8AC92D16B71B00312D45 /* TPHomeBannerModel.h */,
				94AE8ACA2D16B71B00312D45 /* TPHomeBannerModel.m */,
			);
			path = Model;
			sourceTree = "<group>";
		};
		94AE8AD52D17CA9D00312D45 /* Dictionary */ = {
			isa = PBXGroup;
			children = (
				949CE6632CF4800000FF8EE4 /* NSDictionary+TPMapExtension.h */,
				949CE6642CF4800000FF8EE4 /* NSDictionary+TPMapExtension.m */,
			);
			path = Dictionary;
			sourceTree = "<group>";
		};
		94AE8AD62D17CAAA00312D45 /* GradientLayer */ = {
			isa = PBXGroup;
			children = (
				94AE8AD72D17CAC300312D45 /* TPUIGradientLayer+TPExtension.h */,
				94AE8AD82D17CAC300312D45 /* TPUIGradientLayer+TPExtension.m */,
			);
			path = GradientLayer;
			sourceTree = "<group>";
		};
		94AE8AF22D17DFED00312D45 /* Controller */ = {
			isa = PBXGroup;
			children = (
				94AE8ABA2D16734E00312D45 /* TPAdoptVC.h */,
				94AE8ABB2D16734E00312D45 /* TPAdoptVC.m */,
				94AE8AF92D17E51A00312D45 /* TPAdoptItemVC.h */,
				94AE8AFA2D17E51A00312D45 /* TPAdoptItemVC.m */,
			);
			path = Controller;
			sourceTree = "<group>";
		};
		94AE8AF32D17DFF800312D45 /* View */ = {
			isa = PBXGroup;
			children = (
				94AE8AFC2D17E6A300312D45 /* TPAdoptItemRow.h */,
				94AE8AFD2D17E6A300312D45 /* TPAdoptItemRow.m */,
			);
			path = View;
			sourceTree = "<group>";
		};
		94AE8AF42D17E00200312D45 /* Model */ = {
			isa = PBXGroup;
			children = (
				94AE8AFF2D17EE5000312D45 /* TPAdoptModel.h */,
				94AE8B002D17EE5000312D45 /* TPAdoptModel.m */,
			);
			path = Model;
			sourceTree = "<group>";
		};
		94AE8B092D181BB100312D45 /* Controller */ = {
			isa = PBXGroup;
			children = (
				94DD99B12C9FF01000963330 /* TPNotifyVC.h */,
				94DD99B22C9FF01000963330 /* TPNotifyVC.m */,
			);
			path = Controller;
			sourceTree = "<group>";
		};
		94AE8B0D2D18343600312D45 /* View */ = {
			isa = PBXGroup;
			children = (
				94AE8B0E2D18346400312D45 /* TPNotifyAnnouncementRow.h */,
				94AE8B0F2D18346400312D45 /* TPNotifyAnnouncementRow.m */,
				94AE8B152D1836C400312D45 /* TPNotifyAnnouncementSection.h */,
				94AE8B162D1836C400312D45 /* TPNotifyAnnouncementSection.m */,
			);
			path = View;
			sourceTree = "<group>";
		};
		94AE8B112D1835E200312D45 /* View */ = {
			isa = PBXGroup;
			children = (
				94AE8B122D18360200312D45 /* UIView+TPCommonEmpty.h */,
				94AE8B132D18360200312D45 /* UIView+TPCommonEmpty.m */,
			);
			path = View;
			sourceTree = "<group>";
		};
		94AE8B182D183B2500312D45 /* Model */ = {
			isa = PBXGroup;
			children = (
				94AE8B192D183B3A00312D45 /* TPNotifyAnnouncementModel.h */,
				94AE8B1A2D183B3A00312D45 /* TPNotifyAnnouncementModel.m */,
			);
			path = Model;
			sourceTree = "<group>";
		};
		94DD99762C9FCC0A00963330 = {
			isa = PBXGroup;
			children = (
				94DD99812C9FCC0A00963330 /* Helper */,
				94DD99802C9FCC0A00963330 /* Products */,
				B02D04F851956DC481462F00 /* Pods */,
				25CCFF9D37934C97A280C70B /* Frameworks */,
			);
			sourceTree = "<group>";
		};
		94DD99802C9FCC0A00963330 /* Products */ = {
			isa = PBXGroup;
			children = (
				94DD997F2C9FCC0A00963330 /* Helper.app */,
			);
			name = Products;
			sourceTree = "<group>";
		};
		94DD99812C9FCC0A00963330 /* Helper */ = {
			isa = PBXGroup;
			children = (
				94E7ACDF2CBD1FDE00D3BE10 /* UI-Component */,
				94DD99BD2C9FF20900963330 /* Appdelegate */,
				94DD99A92C9FEB9A00963330 /* Feature */,
				94DD99A02C9FE7AD00963330 /* AppEnv */,
				94DD999B2C9FE47500963330 /* Root */,
				94DD99882C9FCC0A00963330 /* ViewController.h */,
				94DD99892C9FCC0A00963330 /* ViewController.m */,
				94DD998B2C9FCC0A00963330 /* Main.storyboard */,
				94DD998E2C9FCC0A00963330 /* Assets.xcassets */,
				94DD99902C9FCC0A00963330 /* LaunchScreen.storyboard */,
				94DD99932C9FCC0A00963330 /* Info.plist */,
				94DD99942C9FCC0A00963330 /* main.m */,
				94DD999F2C9FE5D800963330 /* Helper.pch */,
			);
			path = Helper;
			sourceTree = "<group>";
		};
		94DD999B2C9FE47500963330 /* Root */ = {
			isa = PBXGroup;
			children = (
				94DD999C2C9FE52600963330 /* TPRootVC.h */,
				94DD999D2C9FE52600963330 /* TPRootVC.m */,
			);
			path = Root;
			sourceTree = "<group>";
		};
		94DD99A02C9FE7AD00963330 /* AppEnv */ = {
			isa = PBXGroup;
			children = (
				949CE6622CF47FCC00FF8EE4 /* Category */,
				94E7AD0B2CBE44D100D3BE10 /* Singletons */,
				94E7AD032CBE1C6500D3BE10 /* Macro */,
				94DD99A82C9FE9DC00963330 /* CommonUI */,
				94DD99A12C9FE7BA00963330 /* Base */,
				94E7AD0F2CBE48CC00D3BE10 /* TPCommonNotification.h */,
				94E7AD102CBE48CC00D3BE10 /* TPCommonNotification.m */,
				94AE8B052D17F06A00312D45 /* TPHelperEnum.h */,
			);
			path = AppEnv;
			sourceTree = "<group>";
		};
		94DD99A12C9FE7BA00963330 /* Base */ = {
			isa = PBXGroup;
			children = (
				94AE8A9A2D13FE9A00312D45 /* View */,
				94AE8A992D13FE8600312D45 /* Controller */,
			);
			path = Base;
			sourceTree = "<group>";
		};
		94DD99A82C9FE9DC00963330 /* CommonUI */ = {
			isa = PBXGroup;
			children = (
				94E7ACCA2CBA1F0600D3BE10 /* TPLineView.h */,
				94E7ACCB2CBA1F0600D3BE10 /* TPLineView.m */,
				94E7ACD52CBCC50C00D3BE10 /* TPNavigationView.h */,
				94E7ACD62CBCC50C00D3BE10 /* TPNavigationView.m */,
			);
			path = CommonUI;
			sourceTree = "<group>";
		};
		94DD99A92C9FEB9A00963330 /* Feature */ = {
			isa = PBXGroup;
			children = (
				94AE8AB92D16733900312D45 /* Adopt */,
				94E7ACDB2CBD09AA00D3BE10 /* Auth */,
				94DD99AD2C9FEBFA00963330 /* Mine */,
				94DD99AB2C9FEBCB00963330 /* Notify */,
				94DD99AA2C9FEBB000963330 /* Home */,
			);
			path = Feature;
			sourceTree = "<group>";
		};
		94DD99AA2C9FEBB000963330 /* Home */ = {
			isa = PBXGroup;
			children = (
				94AE8AC82D16B70D00312D45 /* Model */,
				94AE8ABE2D16B35000312D45 /* View */,
				94AE8ABD2D16B33D00312D45 /* Controller */,
			);
			path = Home;
			sourceTree = "<group>";
		};
		94DD99AB2C9FEBCB00963330 /* Notify */ = {
			isa = PBXGroup;
			children = (
				94AE8B182D183B2500312D45 /* Model */,
				94AE8B0D2D18343600312D45 /* View */,
				94AE8B092D181BB100312D45 /* Controller */,
			);
			path = Notify;
			sourceTree = "<group>";
		};
		94DD99AD2C9FEBFA00963330 /* Mine */ = {
			isa = PBXGroup;
			children = (
				94AE8A982D13FE1B00312D45 /* Controller */,
				94AE8A972D13FE1200312D45 /* Model */,
				94AE8A962D13FE0B00312D45 /* View */,
			);
			path = Mine;
			sourceTree = "<group>";
		};
		94DD99BD2C9FF20900963330 /* Appdelegate */ = {
			isa = PBXGroup;
			children = (
				94DD99822C9FCC0A00963330 /* AppDelegate.h */,
				94DD99832C9FCC0A00963330 /* AppDelegate.m */,
				94E7AD122CBE711600D3BE10 /* AppDelegate+TPDatabase.h */,
				94E7AD132CBE711600D3BE10 /* AppDelegate+TPDatabase.m */,
				94DD99BE2C9FF22600963330 /* AppDelegate+TPWindow.h */,
				94DD99BF2C9FF22600963330 /* AppDelegate+TPWindow.m */,
			);
			path = Appdelegate;
			sourceTree = "<group>";
		};
		94E7ACDB2CBD09AA00D3BE10 /* Auth */ = {
			isa = PBXGroup;
			children = (
				94E7ACEA2CBD24D000D3BE10 /* Model */,
				94E7ACE92CBD24C800D3BE10 /* View */,
				94E7ACE82CBD24BF00D3BE10 /* VC */,
				949CE65C2CF4635300FF8EE4 /* TPUserModule.h */,
				949CE65D2CF4635300FF8EE4 /* TPUserModule.m */,
				949CE65F2CF46D8C00FF8EE4 /* TPUserDao.h */,
				949CE6602CF46D8C00FF8EE4 /* TPUserDao.m */,
			);
			path = Auth;
			sourceTree = "<group>";
		};
		94E7ACDF2CBD1FDE00D3BE10 /* UI-Component */ = {
			isa = PBXGroup;
			children = (
				94E7ACE52CBD200700D3BE10 /* FBShimmering */,
			);
			path = "UI-Component";
			sourceTree = "<group>";
		};
		94E7ACE52CBD200700D3BE10 /* FBShimmering */ = {
			isa = PBXGroup;
			children = (
				94E7ACE02CBD200700D3BE10 /* FBShimmering.h */,
				94E7ACE12CBD200700D3BE10 /* FBShimmeringLayer.h */,
				94E7ACE22CBD200700D3BE10 /* FBShimmeringLayer.m */,
				94E7ACE32CBD200700D3BE10 /* FBShimmeringView.h */,
				94E7ACE42CBD200700D3BE10 /* FBShimmeringView.m */,
			);
			path = FBShimmering;
			sourceTree = "<group>";
		};
		94E7ACE82CBD24BF00D3BE10 /* VC */ = {
			isa = PBXGroup;
			children = (
				94E7ACDC2CBD09E600D3BE10 /* TPLoginVC.h */,
				94E7ACDD2CBD09E600D3BE10 /* TPLoginVC.m */,
				94E7AD152CC0F73100D3BE10 /* TPRegisterVC.h */,
				94E7AD162CC0F73100D3BE10 /* TPRegisterVC.m */,
				949CE6662CF4ABDC00FF8EE4 /* TPForgotPwdVC.h */,
				949CE6672CF4ABDC00FF8EE4 /* TPForgotPwdVC.m */,
			);
			path = VC;
			sourceTree = "<group>";
		};
		94E7ACE92CBD24C800D3BE10 /* View */ = {
			isa = PBXGroup;
			children = (
				94E7ACEB2CBD251100D3BE10 /* TPAuthLogoRow.h */,
				94E7ACEC2CBD251100D3BE10 /* TPAuthLogoRow.m */,
				94E7ACEE2CBE009C00D3BE10 /* TPAuthTextFieldRow.h */,
				94E7ACEF2CBE009C00D3BE10 /* TPAuthTextFieldRow.m */,
				94E7AD002CBE15C500D3BE10 /* TPAuthButtonRow.h */,
				94E7AD012CBE15C500D3BE10 /* TPAuthButtonRow.m */,
				94E7AD082CBE40EC00D3BE10 /* TPAuthLoginActionRow.h */,
				94E7AD092CBE40EC00D3BE10 /* TPAuthLoginActionRow.m */,
			);
			path = View;
			sourceTree = "<group>";
		};
		94E7ACEA2CBD24D000D3BE10 /* Model */ = {
			isa = PBXGroup;
			children = (
				94E7AD052CBE3C1B00D3BE10 /* TPUserModel.h */,
				94E7AD062CBE3C1B00D3BE10 /* TPUserModel.m */,
			);
			path = Model;
			sourceTree = "<group>";
		};
		94E7AD032CBE1C6500D3BE10 /* Macro */ = {
			isa = PBXGroup;
			children = (
				94E7AD042CBE1C8500D3BE10 /* TPGeneralMacro.h */,
			);
			path = Macro;
			sourceTree = "<group>";
		};
		94E7AD0B2CBE44D100D3BE10 /* Singletons */ = {
			isa = PBXGroup;
			children = (
				94E7AD0C2CBE44F100D3BE10 /* TPUserManager.h */,
				94E7AD0D2CBE44F100D3BE10 /* TPUserManager.m */,
			);
			path = Singletons;
			sourceTree = "<group>";
		};
		B02D04F851956DC481462F00 /* Pods */ = {
			isa = PBXGroup;
			children = (
				A7EFE22C121DADF946C1CF9A /* Pods-Helper.debug.xcconfig */,
				30C9D1D966542ADC90F5EC58 /* Pods-Helper.release.xcconfig */,
			);
			path = Pods;
			sourceTree = "<group>";
		};
/* End PBXGroup section */

/* Begin PBXNativeTarget section */
		94DD997E2C9FCC0A00963330 /* Helper */ = {
			isa = PBXNativeTarget;
			buildConfigurationList = 94DD99982C9FCC0A00963330 /* Build configuration list for PBXNativeTarget "Helper" */;
			buildPhases = (
				F7F8E0F2B30EDD6472610FFF /* [CP] Check Pods Manifest.lock */,
				94DD997B2C9FCC0A00963330 /* Sources */,
				94DD997C2C9FCC0A00963330 /* Frameworks */,
				94DD997D2C9FCC0A00963330 /* Resources */,
				25B266BFC09BEC840BF00554 /* [CP] Embed Pods Frameworks */,
			);
			buildRules = (
			);
			dependencies = (
			);
			name = Helper;
			productName = Helper;
			productReference = 94DD997F2C9FCC0A00963330 /* Helper.app */;
			productType = "com.apple.product-type.application";
		};
/* End PBXNativeTarget section */

/* Begin PBXProject section */
		94DD99772C9FCC0A00963330 /* Project object */ = {
			isa = PBXProject;
			attributes = {
				BuildIndependentTargetsInParallel = 1;
				LastUpgradeCheck = 1540;
				TargetAttributes = {
					94DD997E2C9FCC0A00963330 = {
						CreatedOnToolsVersion = 15.4;
					};
				};
			};
			buildConfigurationList = 94DD997A2C9FCC0A00963330 /* Build configuration list for PBXProject "Helper" */;
			compatibilityVersion = "Xcode 14.0";
			developmentRegion = en;
			hasScannedForEncodings = 0;
			knownRegions = (
				en,
				Base,
			);
			mainGroup = 94DD99762C9FCC0A00963330;
			productRefGroup = 94DD99802C9FCC0A00963330 /* Products */;
			projectDirPath = "";
			projectRoot = "";
			targets = (
				94DD997E2C9FCC0A00963330 /* Helper */,
			);
		};
/* End PBXProject section */

/* Begin PBXResourcesBuildPhase section */
		94DD997D2C9FCC0A00963330 /* Resources */ = {
			isa = PBXResourcesBuildPhase;
			buildActionMask = 2147483647;
			files = (
				94DD998F2C9FCC0A00963330 /* Assets.xcassets in Resources */,
				94DD99922C9FCC0A00963330 /* Base in Resources */,
				94DD998D2C9FCC0A00963330 /* Base in Resources */,
			);
			runOnlyForDeploymentPostprocessing = 0;
		};
/* End PBXResourcesBuildPhase section */

/* Begin PBXShellScriptBuildPhase section */
		25B266BFC09BEC840BF00554 /* [CP] Embed Pods Frameworks */ = {
			isa = PBXShellScriptBuildPhase;
			buildActionMask = 2147483647;
			files = (
			);
			inputFileListPaths = (
				"${PODS_ROOT}/Target Support Files/Pods-Helper/Pods-Helper-frameworks-${CONFIGURATION}-input-files.xcfilelist",
			);
			name = "[CP] Embed Pods Frameworks";
			outputFileListPaths = (
				"${PODS_ROOT}/Target Support Files/Pods-Helper/Pods-Helper-frameworks-${CONFIGURATION}-output-files.xcfilelist",
			);
			runOnlyForDeploymentPostprocessing = 0;
			shellPath = /bin/sh;
			shellScript = "\"${PODS_ROOT}/Target Support Files/Pods-Helper/Pods-Helper-frameworks.sh\"\n";
			showEnvVarsInLog = 0;
		};
		F7F8E0F2B30EDD6472610FFF /* [CP] Check Pods Manifest.lock */ = {
			isa = PBXShellScriptBuildPhase;
			buildActionMask = 2147483647;
			files = (
			);
			inputFileListPaths = (
			);
			inputPaths = (
				"${PODS_PODFILE_DIR_PATH}/Podfile.lock",
				"${PODS_ROOT}/Manifest.lock",
			);
			name = "[CP] Check Pods Manifest.lock";
			outputFileListPaths = (
			);
			outputPaths = (
				"$(DERIVED_FILE_DIR)/Pods-Helper-checkManifestLockResult.txt",
			);
			runOnlyForDeploymentPostprocessing = 0;
			shellPath = /bin/sh;
			shellScript = "diff \"${PODS_PODFILE_DIR_PATH}/Podfile.lock\" \"${PODS_ROOT}/Manifest.lock\" > /dev/null\nif [ $? != 0 ] ; then\n    # print error to STDERR\n    echo \"error: The sandbox is not in sync with the Podfile.lock. Run 'pod install' or update your CocoaPods installation.\" >&2\n    exit 1\nfi\n# This output is used by Xcode 'outputs' to avoid re-running this script phase.\necho \"SUCCESS\" > \"${SCRIPT_OUTPUT_FILE_0}\"\n";
			showEnvVarsInLog = 0;
		};
/* End PBXShellScriptBuildPhase section */

/* Begin PBXSourcesBuildPhase section */
		94DD997B2C9FCC0A00963330 /* Sources */ = {
			isa = PBXSourcesBuildPhase;
			buildActionMask = 2147483647;
			files = (
				94E7AD022CBE15C500D3BE10 /* TPAuthButtonRow.m in Sources */,
				94AE8AA62D14744D00312D45 /* TPMineFunctionRow.m in Sources */,
				94E7AD112CBE48CC00D3BE10 /* TPCommonNotification.m in Sources */,
				94AE8AD12D16BDE900312D45 /* TPHomeLifeDiaryRow.m in Sources */,
				94AE8AA32D14000400312D45 /* TPMineHeaderView.m in Sources */,
				94DD99C02C9FF22600963330 /* AppDelegate+TPWindow.m in Sources */,
				94E7ACCC2CBA1F0600D3BE10 /* TPLineView.m in Sources */,
				94AE8AAC2D147C2700312D45 /* TPBaseTableSectionView.m in Sources */,
				94AE8B102D18346400312D45 /* TPNotifyAnnouncementRow.m in Sources */,
				94E7ACF02CBE009C00D3BE10 /* TPAuthTextFieldRow.m in Sources */,
				94DD998A2C9FCC0A00963330 /* ViewController.m in Sources */,
				94DD99B62C9FF03700963330 /* TPMineVC.m in Sources */,
				94AE8ACB2D16B71B00312D45 /* TPHomeBannerModel.m in Sources */,
				94DD99BC2C9FF06900963330 /* TPHomeVC.m in Sources */,
				94DD99B02C9FEC4400963330 /* TPBaseVC.m in Sources */,
				94DD99842C9FCC0A00963330 /* AppDelegate.m in Sources */,
				94AE8AA92D147BC200312D45 /* TPMineToolSection.m in Sources */,
				94E7ACED2CBD251100D3BE10 /* TPAuthLogoRow.m in Sources */,
				94E7ACE72CBD200700D3BE10 /* FBShimmeringView.m in Sources */,
				94AE8ACE2D16BCB300312D45 /* TPHomeLifeDiarySection.m in Sources */,
				94E7ACE62CBD200700D3BE10 /* FBShimmeringLayer.m in Sources */,
				94AE8B0C2D18330A00312D45 /* TPNavigationTableVC.m in Sources */,
				94AE8AD42D17B3A700312D45 /* TPCommonCollectionCell.m in Sources */,
				94AE8ABC2D16734E00312D45 /* TPAdoptVC.m in Sources */,
				94AE8AB22D14833400312D45 /* TPBackgroundCell.m in Sources */,
				94AE8AC42D16B46100312D45 /* TPBaseCollectionSectionView.m in Sources */,
				94AE8B012D17EE5000312D45 /* TPAdoptModel.m in Sources */,
				94DD99A42C9FE7E400963330 /* TPNavigationController.m in Sources */,
				949CE65E2CF4635300FF8EE4 /* TPUserModule.m in Sources */,
				94AE8AFB2D17E51A00312D45 /* TPAdoptItemVC.m in Sources */,
				94AE8B142D18360200312D45 /* UIView+TPCommonEmpty.m in Sources */,
				94AE8AC72D16B65B00312D45 /* TPHomeBannerPage.m in Sources */,
				94AE8B1B2D183B3A00312D45 /* TPNotifyAnnouncementModel.m in Sources */,
				94AE8AC12D16B3F400312D45 /* TPHomeBannerSection.m in Sources */,
				949CE6682CF4ABDC00FF8EE4 /* TPForgotPwdVC.m in Sources */,
				94AE8B082D180EE300312D45 /* TPSingleBgTableCell.m in Sources */,
				94DD999E2C9FE52600963330 /* TPRootVC.m in Sources */,
				94E7ACD72CBCC50C00D3BE10 /* TPNavigationView.m in Sources */,
				94AE8B172D1836C400312D45 /* TPNotifyAnnouncementSection.m in Sources */,
				94AE8AFE2D17E6A300312D45 /* TPAdoptItemRow.m in Sources */,
				94DD99B32C9FF01000963330 /* TPNotifyVC.m in Sources */,
				94E7ACFF2CBE0E0F00D3BE10 /* TPCommonSection.m in Sources */,
				94E7AD172CC0F73100D3BE10 /* TPRegisterVC.m in Sources */,
				94E7ACDE2CBD09E600D3BE10 /* TPLoginVC.m in Sources */,
				94AE8AD92D17CAC300312D45 /* TPUIGradientLayer+TPExtension.m in Sources */,
				94DD99A72C9FE92200963330 /* TPBaseTableVC.m in Sources */,
				949CE6612CF46D8C00FF8EE4 /* TPUserDao.m in Sources */,
				94AE8A9D2D13FEA700312D45 /* TPBaseView.m in Sources */,
				94E7AD142CBE711600D3BE10 /* AppDelegate+TPDatabase.m in Sources */,
				949CE6652CF4800000FF8EE4 /* NSDictionary+TPMapExtension.m in Sources */,
				94DD99952C9FCC0A00963330 /* main.m in Sources */,
				94E7AD072CBE3C1B00D3BE10 /* TPUserModel.m in Sources */,
				94E7AD1A2CC1065200D3BE10 /* UIView+TPUIToast.m in Sources */,
				94E7AD0A2CBE40EC00D3BE10 /* TPAuthLoginActionRow.m in Sources */,
				94E7ACDA2CBCE8B300D3BE10 /* TPNavigationBaseVC.m in Sources */,
				94E7AD0E2CBE44F100D3BE10 /* TPUserManager.m in Sources */,
				94AE8AAF2D147EEA00312D45 /* TPMineToolRow.m in Sources */,
			);
			runOnlyForDeploymentPostprocessing = 0;
		};
/* End PBXSourcesBuildPhase section */

/* Begin PBXVariantGroup section */
		94DD998B2C9FCC0A00963330 /* Main.storyboard */ = {
			isa = PBXVariantGroup;
			children = (
				94DD998C2C9FCC0A00963330 /* Base */,
			);
			name = Main.storyboard;
			sourceTree = "<group>";
		};
		94DD99902C9FCC0A00963330 /* LaunchScreen.storyboard */ = {
			isa = PBXVariantGroup;
			children = (
				94DD99912C9FCC0A00963330 /* Base */,
			);
			name = LaunchScreen.storyboard;
			sourceTree = "<group>";
		};
/* End PBXVariantGroup section */

/* Begin XCBuildConfiguration section */
		94DD99962C9FCC0A00963330 /* Debug */ = {
			isa = XCBuildConfiguration;
			buildSettings = {
				ALWAYS_SEARCH_USER_PATHS = NO;
				ASSETCATALOG_COMPILER_GENERATE_SWIFT_ASSET_SYMBOL_EXTENSIONS = YES;
				CLANG_ANALYZER_NONNULL = YES;
				CLANG_ANALYZER_NUMBER_OBJECT_CONVERSION = YES_AGGRESSIVE;
				CLANG_CXX_LANGUAGE_STANDARD = "gnu++20";
				CLANG_ENABLE_MODULES = YES;
				CLANG_ENABLE_OBJC_ARC = YES;
				CLANG_ENABLE_OBJC_WEAK = YES;
				CLANG_WARN_BLOCK_CAPTURE_AUTORELEASING = YES;
				CLANG_WARN_BOOL_CONVERSION = YES;
				CLANG_WARN_COMMA = YES;
				CLANG_WARN_CONSTANT_CONVERSION = YES;
				CLANG_WARN_DEPRECATED_OBJC_IMPLEMENTATIONS = YES;
				CLANG_WARN_DIRECT_OBJC_ISA_USAGE = YES_ERROR;
				CLANG_WARN_DOCUMENTATION_COMMENTS = YES;
				CLANG_WARN_EMPTY_BODY = YES;
				CLANG_WARN_ENUM_CONVERSION = YES;
				CLANG_WARN_INFINITE_RECURSION = YES;
				CLANG_WARN_INT_CONVERSION = YES;
				CLANG_WARN_NON_LITERAL_NULL_CONVERSION = YES;
				CLANG_WARN_OBJC_IMPLICIT_RETAIN_SELF = YES;
				CLANG_WARN_OBJC_LITERAL_CONVERSION = YES;
				CLANG_WARN_OBJC_ROOT_CLASS = YES_ERROR;
				CLANG_WARN_QUOTED_INCLUDE_IN_FRAMEWORK_HEADER = YES;
				CLANG_WARN_RANGE_LOOP_ANALYSIS = YES;
				CLANG_WARN_STRICT_PROTOTYPES = YES;
				CLANG_WARN_SUSPICIOUS_MOVE = YES;
				CLANG_WARN_UNGUARDED_AVAILABILITY = YES_AGGRESSIVE;
				CLANG_WARN_UNREACHABLE_CODE = YES;
				CLANG_WARN__DUPLICATE_METHOD_MATCH = YES;
				COPY_PHASE_STRIP = NO;
				DEBUG_INFORMATION_FORMAT = dwarf;
				ENABLE_STRICT_OBJC_MSGSEND = YES;
				ENABLE_TESTABILITY = YES;
				ENABLE_USER_SCRIPT_SANDBOXING = YES;
				GCC_C_LANGUAGE_STANDARD = gnu17;
				GCC_DYNAMIC_NO_PIC = NO;
				GCC_NO_COMMON_BLOCKS = YES;
				GCC_OPTIMIZATION_LEVEL = 0;
				GCC_PREPROCESSOR_DEFINITIONS = (
					"DEBUG=1",
					"$(inherited)",
				);
				GCC_WARN_64_TO_32_BIT_CONVERSION = YES;
				GCC_WARN_ABOUT_RETURN_TYPE = YES_ERROR;
				GCC_WARN_UNDECLARED_SELECTOR = YES;
				GCC_WARN_UNINITIALIZED_AUTOS = YES_AGGRESSIVE;
				GCC_WARN_UNUSED_FUNCTION = YES;
				GCC_WARN_UNUSED_VARIABLE = YES;
				IPHONEOS_DEPLOYMENT_TARGET = 17.5;
				LOCALIZATION_PREFERS_STRING_CATALOGS = YES;
				MTL_ENABLE_DEBUG_INFO = INCLUDE_SOURCE;
				MTL_FAST_MATH = YES;
				ONLY_ACTIVE_ARCH = YES;
				SDKROOT = iphoneos;
			};
			name = Debug;
		};
		94DD99972C9FCC0A00963330 /* Release */ = {
			isa = XCBuildConfiguration;
			buildSettings = {
				ALWAYS_SEARCH_USER_PATHS = NO;
				ASSETCATALOG_COMPILER_GENERATE_SWIFT_ASSET_SYMBOL_EXTENSIONS = YES;
				CLANG_ANALYZER_NONNULL = YES;
				CLANG_ANALYZER_NUMBER_OBJECT_CONVERSION = YES_AGGRESSIVE;
				CLANG_CXX_LANGUAGE_STANDARD = "gnu++20";
				CLANG_ENABLE_MODULES = YES;
				CLANG_ENABLE_OBJC_ARC = YES;
				CLANG_ENABLE_OBJC_WEAK = YES;
				CLANG_WARN_BLOCK_CAPTURE_AUTORELEASING = YES;
				CLANG_WARN_BOOL_CONVERSION = YES;
				CLANG_WARN_COMMA = YES;
				CLANG_WARN_CONSTANT_CONVERSION = YES;
				CLANG_WARN_DEPRECATED_OBJC_IMPLEMENTATIONS = YES;
				CLANG_WARN_DIRECT_OBJC_ISA_USAGE = YES_ERROR;
				CLANG_WARN_DOCUMENTATION_COMMENTS = YES;
				CLANG_WARN_EMPTY_BODY = YES;
				CLANG_WARN_ENUM_CONVERSION = YES;
				CLANG_WARN_INFINITE_RECURSION = YES;
				CLANG_WARN_INT_CONVERSION = YES;
				CLANG_WARN_NON_LITERAL_NULL_CONVERSION = YES;
				CLANG_WARN_OBJC_IMPLICIT_RETAIN_SELF = YES;
				CLANG_WARN_OBJC_LITERAL_CONVERSION = YES;
				CLANG_WARN_OBJC_ROOT_CLASS = YES_ERROR;
				CLANG_WARN_QUOTED_INCLUDE_IN_FRAMEWORK_HEADER = YES;
				CLANG_WARN_RANGE_LOOP_ANALYSIS = YES;
				CLANG_WARN_STRICT_PROTOTYPES = YES;
				CLANG_WARN_SUSPICIOUS_MOVE = YES;
				CLANG_WARN_UNGUARDED_AVAILABILITY = YES_AGGRESSIVE;
				CLANG_WARN_UNREACHABLE_CODE = YES;
				CLANG_WARN__DUPLICATE_METHOD_MATCH = YES;
				COPY_PHASE_STRIP = NO;
				DEBUG_INFORMATION_FORMAT = "dwarf-with-dsym";
				ENABLE_NS_ASSERTIONS = NO;
				ENABLE_STRICT_OBJC_MSGSEND = YES;
				ENABLE_USER_SCRIPT_SANDBOXING = YES;
				GCC_C_LANGUAGE_STANDARD = gnu17;
				GCC_NO_COMMON_BLOCKS = YES;
				GCC_WARN_64_TO_32_BIT_CONVERSION = YES;
				GCC_WARN_ABOUT_RETURN_TYPE = YES_ERROR;
				GCC_WARN_UNDECLARED_SELECTOR = YES;
				GCC_WARN_UNINITIALIZED_AUTOS = YES_AGGRESSIVE;
				GCC_WARN_UNUSED_FUNCTION = YES;
				GCC_WARN_UNUSED_VARIABLE = YES;
				IPHONEOS_DEPLOYMENT_TARGET = 17.5;
				LOCALIZATION_PREFERS_STRING_CATALOGS = YES;
				MTL_ENABLE_DEBUG_INFO = NO;
				MTL_FAST_MATH = YES;
				SDKROOT = iphoneos;
				VALIDATE_PRODUCT = YES;
			};
			name = Release;
		};
		94DD99992C9FCC0A00963330 /* Debug */ = {
			isa = XCBuildConfiguration;
			baseConfigurationReference = A7EFE22C121DADF946C1CF9A /* Pods-Helper.debug.xcconfig */;
			buildSettings = {
				ASSETCATALOG_COMPILER_APPICON_NAME = AppIcon;
				ASSETCATALOG_COMPILER_GLOBAL_ACCENT_COLOR_NAME = AccentColor;
				CODE_SIGN_STYLE = Automatic;
				CURRENT_PROJECT_VERSION = 1;
				DEVELOPMENT_TEAM = PX35JJV4WF;
				ENABLE_USER_SCRIPT_SANDBOXING = NO;
				GCC_PREFIX_HEADER = "$(SRCROOT)/Helper/Helper.pch";
				GENERATE_INFOPLIST_FILE = YES;
				INFOPLIST_FILE = Helper/Info.plist;
				INFOPLIST_KEY_UIApplicationSupportsIndirectInputEvents = YES;
				INFOPLIST_KEY_UILaunchStoryboardName = LaunchScreen;
				INFOPLIST_KEY_UIMainStoryboardFile = Main;
				INFOPLIST_KEY_UISupportedInterfaceOrientations_iPad = "UIInterfaceOrientationPortrait UIInterfaceOrientationPortraitUpsideDown UIInterfaceOrientationLandscapeLeft UIInterfaceOrientationLandscapeRight";
				INFOPLIST_KEY_UISupportedInterfaceOrientations_iPhone = "UIInterfaceOrientationPortrait UIInterfaceOrientationLandscapeLeft UIInterfaceOrientationLandscapeRight";
				LD_RUNPATH_SEARCH_PATHS = (
					"$(inherited)",
					"@executable_path/Frameworks",
				);
				MARKETING_VERSION = 1.0;
				PRODUCT_BUNDLE_IDENTIFIER = com.Topredator.test.Helper;
				PRODUCT_NAME = "$(TARGET_NAME)";
				SWIFT_EMIT_LOC_STRINGS = YES;
				TARGETED_DEVICE_FAMILY = "1,2";
			};
			name = Debug;
		};
		94DD999A2C9FCC0A00963330 /* Release */ = {
			isa = XCBuildConfiguration;
			baseConfigurationReference = 30C9D1D966542ADC90F5EC58 /* Pods-Helper.release.xcconfig */;
			buildSettings = {
				ASSETCATALOG_COMPILER_APPICON_NAME = AppIcon;
				ASSETCATALOG_COMPILER_GLOBAL_ACCENT_COLOR_NAME = AccentColor;
				CODE_SIGN_STYLE = Automatic;
				CURRENT_PROJECT_VERSION = 1;
				DEVELOPMENT_TEAM = PX35JJV4WF;
				ENABLE_USER_SCRIPT_SANDBOXING = NO;
				GCC_PREFIX_HEADER = "$(SRCROOT)/Helper/Helper.pch";
				GENERATE_INFOPLIST_FILE = YES;
				INFOPLIST_FILE = Helper/Info.plist;
				INFOPLIST_KEY_UIApplicationSupportsIndirectInputEvents = YES;
				INFOPLIST_KEY_UILaunchStoryboardName = LaunchScreen;
				INFOPLIST_KEY_UIMainStoryboardFile = Main;
				INFOPLIST_KEY_UISupportedInterfaceOrientations_iPad = "UIInterfaceOrientationPortrait UIInterfaceOrientationPortraitUpsideDown UIInterfaceOrientationLandscapeLeft UIInterfaceOrientationLandscapeRight";
				INFOPLIST_KEY_UISupportedInterfaceOrientations_iPhone = "UIInterfaceOrientationPortrait UIInterfaceOrientationLandscapeLeft UIInterfaceOrientationLandscapeRight";
				LD_RUNPATH_SEARCH_PATHS = (
					"$(inherited)",
					"@executable_path/Frameworks",
				);
				MARKETING_VERSION = 1.0;
				PRODUCT_BUNDLE_IDENTIFIER = com.Topredator.test.Helper;
				PRODUCT_NAME = "$(TARGET_NAME)";
				SWIFT_EMIT_LOC_STRINGS = YES;
				TARGETED_DEVICE_FAMILY = "1,2";
			};
			name = Release;
		};
/* End XCBuildConfiguration section */

/* Begin XCConfigurationList section */
		94DD997A2C9FCC0A00963330 /* Build configuration list for PBXProject "Helper" */ = {
			isa = XCConfigurationList;
			buildConfigurations = (
				94DD99962C9FCC0A00963330 /* Debug */,
				94DD99972C9FCC0A00963330 /* Release */,
			);
			defaultConfigurationIsVisible = 0;
			defaultConfigurationName = Release;
		};
		94DD99982C9FCC0A00963330 /* Build configuration list for PBXNativeTarget "Helper" */ = {
			isa = XCConfigurationList;
			buildConfigurations = (
				94DD99992C9FCC0A00963330 /* Debug */,
				94DD999A2C9FCC0A00963330 /* Release */,
			);
			defaultConfigurationIsVisible = 0;
			defaultConfigurationName = Release;
		};
/* End XCConfigurationList section */
	};
	rootObject = 94DD99772C9FCC0A00963330 /* Project object */;
}
